
Microsoft Visual Studio Solution File, Format Version 12.00
# Visual Studio 2012
Project("{F184B08F-C81C-45F6-A57F-5ABD9991F28F}") = "Hotel Reception", "Hotel Reception\Hotel Reception.vbproj", "{06F49497-F97C-4BCA-9E34-80D08B09D16D}"
EndProject
Global
	GlobalSection(SolutionConfigurationPlatforms) = preSolution
		Debug|Any CPU = Debug|Any CPU
		Debug|x64 = Debug|x64
		Release|Any CPU = Release|Any CPU
		Release|x64 = Release|x64
	EndGlobalSection
	GlobalSection(ProjectConfigurationPlatforms) = postSolution
		{06F49497-F97C-4BCA-9E34-80D08B09D16D}.Debug|Any CPU.ActiveCfg = Debug|Any CPU
		{06F49497-F97C-4BCA-9E34-80D08B09D16D}.Debug|Any CPU.Build.0 = Debug|Any CPU
		{06F49497-F97C-4BCA-9E34-80D08B09D16D}.Debug|x64.ActiveCfg = Debug|x64
		{06F49497-F97C-4BCA-9E34-80D08B09D16D}.Debug|x64.Build.0 = Debug|x64
		{06F49497-F97C-4BCA-9E34-80D08B09D16D}.Release|Any CPU.ActiveCfg = Release|Any CPU
		{06F49497-F97C-4BCA-9E34-80D08B09D16D}.Release|Any CPU.Build.0 = Release|Any CPU
		{06F49497-F97C-4BCA-9E34-80D08B09D16D}.Release|x64.ActiveCfg = Release|x64
		{06F49497-F97C-4BCA-9E34-80D08B09D16D}.Release|x64.Build.0 = Release|x64
	EndGlobalSection
	GlobalSection(SolutionProperties) = preSolution
		HideSolutionNode = FALSE
	EndGlobalSection
EndGlobal
